{
  "name": "evaluation_wx",
  "version": "1.0.0",
  "lockfileVersion": 1,
  "requires": true,
  "dependencies": {
    "dayjs": {
      "version": "1.11.8",
      "resolved": "https://registry.npmmirror.com/dayjs/-/dayjs-1.11.8.tgz",
      "integrity": "sha512-LcgxzFoWMEPO7ggRv1Y2N31hUf2R0Vj7fuy/m+Bg1K8rr+KAs1AEy4y9jd5DXe8pbHgX+srkHNS7TH6Q6ZhYeQ=="
    },
    "tdesign-miniprogram": {
      "version": "0.21.2",
      "resolved": "https://registry.npmmirror.com/tdesign-miniprogram/-/tdesign-miniprogram-0.21.2.tgz",
      "integrity": "sha512-kvP1hVg9K871epciw8nht5DZcQqTFxmQ5czSwLm7kLXqBYAnq7vF5cj+gbE1/6FYS6c7ENaDvVY+lr2Wnl90ag==",
      "requires": {
        "dayjs": "^1.10.7"
      }
    }
  }
}
